# This file is automatically @generated by Cargo.
# It is not intended for manual editing.
version = 4

[[package]]
name = "autocfg"
version = "1.4.0"
source = "registry+https://github.com/rust-lang/crates.io-index"
checksum = "ace50bade8e6234aa140d9a2f552bbee1db4d353f69b8217bc503490fc1a9f26"

[[package]]
name = "bitflags"
version = "2.8.0"
source = "registry+https://github.com/rust-lang/crates.io-index"
checksum = "8f68f53c83ab957f72c32642f3868eec03eb974d1fb82e453128456482613d36"

[[package]]
name = "circular-buffer"
version = "0.1.9"
source = "registry+https://github.com/rust-lang/crates.io-index"
checksum = "b67261db007b5f4cf8cba393c1a5c511a5cc072339ce16e12aeba1d7b9b77946"

[[package]]
name = "gl"
version = "0.14.0"
source = "git+https://github.com/bjz/gl-rs#1cd256c7b59a0baac8af7863ca0f768bfc1a4b51"
dependencies = [
 "gl_generator",
]

[[package]]
name = "gl_generator"
version = "0.14.1"
source = "git+https://github.com/bjz/gl-rs#1cd256c7b59a0baac8af7863ca0f768bfc1a4b51"
dependencies = [
 "khronos_api",
 "log",
 "xml-rs",
]

[[package]]
name = "khronos_api"
version = "3.2.0"
source = "git+https://github.com/bjz/gl-rs#1cd256c7b59a0baac8af7863ca0f768bfc1a4b51"

[[package]]
name = "lazy_static"
version = "1.5.0"
source = "registry+https://github.com/rust-lang/crates.io-index"
checksum = "bbd2bcb4c963f2ddae06a2efc7e9f3591312473c50c6685e1f298068316e66fe"

[[package]]
name = "libc"
version = "0.2.169"
source = "registry+https://github.com/rust-lang/crates.io-index"
checksum = "b5aba8db14291edd000dfcc4d620c7ebfb122c613afb886ca8803fa4e128a20a"

[[package]]
name = "log"
version = "0.4.25"
source = "registry+https://github.com/rust-lang/crates.io-index"
checksum = "04cbf5b083de1c7e0222a7a51dbfdba1cbe1c6ab0b15e29fff3f6c077fd9cd9f"

[[package]]
name = "num-complex"
version = "0.4.6"
source = "registry+https://github.com/rust-lang/crates.io-index"
checksum = "73f88a1307638156682bada9d7604135552957b7818057dcef22705b4d509495"
dependencies = [
 "num-traits",
]

[[package]]
name = "num-integer"
version = "0.1.46"
source = "registry+https://github.com/rust-lang/crates.io-index"
checksum = "7969661fd2958a5cb096e56c8e1ad0444ac2bbcd0061bd28660485a44879858f"
dependencies = [
 "num-traits",
]

[[package]]
name = "num-traits"
version = "0.2.19"
source = "registry+https://github.com/rust-lang/crates.io-index"
checksum = "071dfc062690e90b734c0b2273ce72ad0ffa95f0c74596bc250dcfd960262841"
dependencies = [
 "autocfg",
]

[[package]]
name = "primal-check"
version = "0.3.4"
source = "registry+https://github.com/rust-lang/crates.io-index"
checksum = "dc0d895b311e3af9902528fbb8f928688abbd95872819320517cc24ca6b2bd08"
dependencies = [
 "num-integer",
]

[[package]]
name = "realfft"
version = "3.4.0"
source = "registry+https://github.com/rust-lang/crates.io-index"
checksum = "390252372b7f2aac8360fc5e72eba10136b166d6faeed97e6d0c8324eb99b2b1"
dependencies = [
 "rustfft",
]

[[package]]
name = "rustfft"
version = "6.2.0"
source = "registry+https://github.com/rust-lang/crates.io-index"
checksum = "43806561bc506d0c5d160643ad742e3161049ac01027b5e6d7524091fd401d86"
dependencies = [
 "num-complex",
 "num-integer",
 "num-traits",
 "primal-check",
 "strength_reduce",
 "transpose",
 "version_check",
]

[[package]]
name = "rvsp"
version = "0.1.4"
dependencies = [
 "circular-buffer",
 "gl",
 "lazy_static",
 "realfft",
 "sdl3",
]

[[package]]
name = "sdl3"
version = "0.14.19"
source = "registry+https://github.com/rust-lang/crates.io-index"
checksum = "d89a5314558c795072ac8e7a64c289aecda78185683042e23394eadf2febd4ee"
dependencies = [
 "bitflags",
 "lazy_static",
 "libc",
 "sdl3-sys",
]

[[package]]
name = "sdl3-sys"
version = "0.4.6+SDL3-3.2.8"
source = "registry+https://github.com/rust-lang/crates.io-index"
checksum = "13aa26235cbf336f5b273dc18a873142285529e4fef503882e05a6f986466939"

[[package]]
name = "strength_reduce"
version = "0.2.4"
source = "registry+https://github.com/rust-lang/crates.io-index"
checksum = "fe895eb47f22e2ddd4dabc02bce419d2e643c8e3b585c78158b349195bc24d82"

[[package]]
name = "transpose"
version = "0.2.3"
source = "registry+https://github.com/rust-lang/crates.io-index"
checksum = "1ad61aed86bc3faea4300c7aee358b4c6d0c8d6ccc36524c96e4c92ccf26e77e"
dependencies = [
 "num-integer",
 "strength_reduce",
]

[[package]]
name = "version_check"
version = "0.9.5"
source = "registry+https://github.com/rust-lang/crates.io-index"
checksum = "0b928f33d975fc6ad9f86c8f283853ad26bdd5b10b7f1542aa2fa15e2289105a"

[[package]]
name = "xml-rs"
version = "0.8.25"
source = "registry+https://github.com/rust-lang/crates.io-index"
checksum = "c5b940ebc25896e71dd073bad2dbaa2abfe97b0a391415e22ad1326d9c54e3c4"
